
Microsoft Visual Studio Solution File, Format Version 12.00
# Visual Studio Version 16
VisualStudioVersion = 16.0.30804.86
MinimumVisualStudioVersion = 10.0.40219.1
Project("{FAE04EC0-301F-11D3-BF4B-00C04F79EFBC}") = "BoxOfT", "BoxOfT\BoxOfT.csproj", "{84344F9D-87BB-4068-934A-ACD2017334D3}"
EndProject
Project("{FAE04EC0-301F-11D3-BF4B-00C04F79EFBC}") = "GenericArrayCreator", "GenericArrayCreator\GenericArrayCreator.csproj", "{8E7690AB-662D-4C68-B949-12DA3313B902}"
EndProject
Project("{FAE04EC0-301F-11D3-BF4B-00C04F79EFBC}") = "GenericScale", "GenericScale\GenericScale.csproj", "{963A39A3-6632-4656-B3A1-9D2B8721E83F}"
EndProject
Global
	GlobalSection(SolutionConfigurationPlatforms) = preSolution
		Debug|Any CPU = Debug|Any CPU
		Release|Any CPU = Release|Any CPU
	EndGlobalSection
	GlobalSection(ProjectConfigurationPlatforms) = postSolution
		{84344F9D-87BB-4068-934A-ACD2017334D3}.Debug|Any CPU.ActiveCfg = Debug|Any CPU
		{84344F9D-87BB-4068-934A-ACD2017334D3}.Debug|Any CPU.Build.0 = Debug|Any CPU
		{84344F9D-87BB-4068-934A-ACD2017334D3}.Release|Any CPU.ActiveCfg = Release|Any CPU
		{84344F9D-87BB-4068-934A-ACD2017334D3}.Release|Any CPU.Build.0 = Release|Any CPU
		{8E7690AB-662D-4C68-B949-12DA3313B902}.Debug|Any CPU.ActiveCfg = Debug|Any CPU
		{8E7690AB-662D-4C68-B949-12DA3313B902}.Debug|Any CPU.Build.0 = Debug|Any CPU
		{8E7690AB-662D-4C68-B949-12DA3313B902}.Release|Any CPU.ActiveCfg = Release|Any CPU
		{8E7690AB-662D-4C68-B949-12DA3313B902}.Release|Any CPU.Build.0 = Release|Any CPU
		{963A39A3-6632-4656-B3A1-9D2B8721E83F}.Debug|Any CPU.ActiveCfg = Debug|Any CPU
		{963A39A3-6632-4656-B3A1-9D2B8721E83F}.Debug|Any CPU.Build.0 = Debug|Any CPU
		{963A39A3-6632-4656-B3A1-9D2B8721E83F}.Release|Any CPU.ActiveCfg = Release|Any CPU
		{963A39A3-6632-4656-B3A1-9D2B8721E83F}.Release|Any CPU.Build.0 = Release|Any CPU
	EndGlobalSection
	GlobalSection(SolutionProperties) = preSolution
		HideSolutionNode = FALSE
	EndGlobalSection
	GlobalSection(ExtensibilityGlobals) = postSolution
		SolutionGuid = {098B5EC6-E654-43EA-80FC-75DFCEB16070}
	EndGlobalSection
EndGlobal
