
Microsoft Visual Studio Solution File, Format Version 12.00
# Visual Studio Version 16
VisualStudioVersion = 16.0.30804.86
MinimumVisualStudioVersion = 10.0.40219.1
Project("{FAE04EC0-301F-11D3-BF4B-00C04F79EFBC}") = "01. Food Finder", "01. Food Finder\01. Food Finder.csproj", "{09C220C7-DFA7-4453-92F5-881011BF8450}"
EndProject
Project("{FAE04EC0-301F-11D3-BF4B-00C04F79EFBC}") = "02. Pawn Wars", "02. Pawn Wars\02. Pawn Wars.csproj", "{14252B20-081D-42A9-BFBF-184A063C1712}"
EndProject
Global
	GlobalSection(SolutionConfigurationPlatforms) = preSolution
		Debug|Any CPU = Debug|Any CPU
		Release|Any CPU = Release|Any CPU
	EndGlobalSection
	GlobalSection(ProjectConfigurationPlatforms) = postSolution
		{09C220C7-DFA7-4453-92F5-881011BF8450}.Debug|Any CPU.ActiveCfg = Debug|Any CPU
		{09C220C7-DFA7-4453-92F5-881011BF8450}.Debug|Any CPU.Build.0 = Debug|Any CPU
		{09C220C7-DFA7-4453-92F5-881011BF8450}.Release|Any CPU.ActiveCfg = Release|Any CPU
		{09C220C7-DFA7-4453-92F5-881011BF8450}.Release|Any CPU.Build.0 = Release|Any CPU
		{14252B20-081D-42A9-BFBF-184A063C1712}.Debug|Any CPU.ActiveCfg = Debug|Any CPU
		{14252B20-081D-42A9-BFBF-184A063C1712}.Debug|Any CPU.Build.0 = Debug|Any CPU
		{14252B20-081D-42A9-BFBF-184A063C1712}.Release|Any CPU.ActiveCfg = Release|Any CPU
		{14252B20-081D-42A9-BFBF-184A063C1712}.Release|Any CPU.Build.0 = Release|Any CPU
	EndGlobalSection
	GlobalSection(SolutionProperties) = preSolution
		HideSolutionNode = FALSE
	EndGlobalSection
	GlobalSection(ExtensibilityGlobals) = postSolution
		SolutionGuid = {1B02D257-1D70-4C7C-9920-049E9D6D805D}
	EndGlobalSection
EndGlobal
