
Microsoft Visual Studio Solution File, Format Version 12.00
# Visual Studio Version 16
VisualStudioVersion = 16.0.30804.86
MinimumVisualStudioVersion = 10.0.40219.1
Project("{FAE04EC0-301F-11D3-BF4B-00C04F79EFBC}") = "Vehicles", "Vehicles\Vehicles.csproj", "{3A7D08E9-E63D-46AC-B6E4-E755CBDA79C4}"
EndProject
Project("{FAE04EC0-301F-11D3-BF4B-00C04F79EFBC}") = "Raiding", "Raiding\Raiding.csproj", "{EB6DAC37-0669-4AC5-93CB-FBA74374725E}"
EndProject
Project("{FAE04EC0-301F-11D3-BF4B-00C04F79EFBC}") = "WildFarm", "WildFarm\WildFarm.csproj", "{936A33C1-4802-40BC-BFA9-B2F9EADC3967}"
EndProject
Global
	GlobalSection(SolutionConfigurationPlatforms) = preSolution
		Debug|Any CPU = Debug|Any CPU
		Release|Any CPU = Release|Any CPU
	EndGlobalSection
	GlobalSection(ProjectConfigurationPlatforms) = postSolution
		{3A7D08E9-E63D-46AC-B6E4-E755CBDA79C4}.Debug|Any CPU.ActiveCfg = Debug|Any CPU
		{3A7D08E9-E63D-46AC-B6E4-E755CBDA79C4}.Debug|Any CPU.Build.0 = Debug|Any CPU
		{3A7D08E9-E63D-46AC-B6E4-E755CBDA79C4}.Release|Any CPU.ActiveCfg = Release|Any CPU
		{3A7D08E9-E63D-46AC-B6E4-E755CBDA79C4}.Release|Any CPU.Build.0 = Release|Any CPU
		{EB6DAC37-0669-4AC5-93CB-FBA74374725E}.Debug|Any CPU.ActiveCfg = Debug|Any CPU
		{EB6DAC37-0669-4AC5-93CB-FBA74374725E}.Debug|Any CPU.Build.0 = Debug|Any CPU
		{EB6DAC37-0669-4AC5-93CB-FBA74374725E}.Release|Any CPU.ActiveCfg = Release|Any CPU
		{EB6DAC37-0669-4AC5-93CB-FBA74374725E}.Release|Any CPU.Build.0 = Release|Any CPU
		{936A33C1-4802-40BC-BFA9-B2F9EADC3967}.Debug|Any CPU.ActiveCfg = Debug|Any CPU
		{936A33C1-4802-40BC-BFA9-B2F9EADC3967}.Debug|Any CPU.Build.0 = Debug|Any CPU
		{936A33C1-4802-40BC-BFA9-B2F9EADC3967}.Release|Any CPU.ActiveCfg = Release|Any CPU
		{936A33C1-4802-40BC-BFA9-B2F9EADC3967}.Release|Any CPU.Build.0 = Release|Any CPU
	EndGlobalSection
	GlobalSection(SolutionProperties) = preSolution
		HideSolutionNode = FALSE
	EndGlobalSection
	GlobalSection(ExtensibilityGlobals) = postSolution
		SolutionGuid = {BD58142E-BACC-405C-909E-B8880063A9CF}
	EndGlobalSection
EndGlobal
