
Microsoft Visual Studio Solution File, Format Version 12.00
# Visual Studio Version 16
VisualStudioVersion = 16.0.30804.86
MinimumVisualStudioVersion = 10.0.40219.1
Project("{9A19103F-16F7-4668-BE54-9A1E7A4F7556}") = "AnimalFarm", "AnimalFarm\AnimalFarm.csproj", "{9F3A2AD9-BD29-4728-B2DE-DF94C86E5B2B}"
EndProject
Project("{9A19103F-16F7-4668-BE54-9A1E7A4F7556}") = "ClassBoxData", "ClassBoxData\ClassBoxData.csproj", "{9D6F83FA-08EF-4344-913B-AE027D46AFBA}"
EndProject
Project("{9A19103F-16F7-4668-BE54-9A1E7A4F7556}") = "PizzaCalories", "PizzaCalories\PizzaCalories.csproj", "{DD120D29-72A4-4F42-9FCB-235B5FCBE7E3}"
EndProject
Project("{FAE04EC0-301F-11D3-BF4B-00C04F79EFBC}") = "ShoppingSpree", "ShoppingSpree\ShoppingSpree.csproj", "{CA52A5E2-6FF8-4C05-A00C-6F0DE813B6AB}"
EndProject
Project("{FAE04EC0-301F-11D3-BF4B-00C04F79EFBC}") = "FootballTeamGenerator", "FootballTeamGenerator\FootballTeamGenerator.csproj", "{54B0CF70-4776-40E9-A7AB-9BFCCBB2A71A}"
EndProject
Global
	GlobalSection(SolutionConfigurationPlatforms) = preSolution
		Debug|Any CPU = Debug|Any CPU
		Release|Any CPU = Release|Any CPU
	EndGlobalSection
	GlobalSection(ProjectConfigurationPlatforms) = postSolution
		{9F3A2AD9-BD29-4728-B2DE-DF94C86E5B2B}.Debug|Any CPU.ActiveCfg = Debug|Any CPU
		{9F3A2AD9-BD29-4728-B2DE-DF94C86E5B2B}.Debug|Any CPU.Build.0 = Debug|Any CPU
		{9F3A2AD9-BD29-4728-B2DE-DF94C86E5B2B}.Release|Any CPU.ActiveCfg = Release|Any CPU
		{9F3A2AD9-BD29-4728-B2DE-DF94C86E5B2B}.Release|Any CPU.Build.0 = Release|Any CPU
		{9D6F83FA-08EF-4344-913B-AE027D46AFBA}.Debug|Any CPU.ActiveCfg = Debug|Any CPU
		{9D6F83FA-08EF-4344-913B-AE027D46AFBA}.Debug|Any CPU.Build.0 = Debug|Any CPU
		{9D6F83FA-08EF-4344-913B-AE027D46AFBA}.Release|Any CPU.ActiveCfg = Release|Any CPU
		{9D6F83FA-08EF-4344-913B-AE027D46AFBA}.Release|Any CPU.Build.0 = Release|Any CPU
		{DD120D29-72A4-4F42-9FCB-235B5FCBE7E3}.Debug|Any CPU.ActiveCfg = Debug|Any CPU
		{DD120D29-72A4-4F42-9FCB-235B5FCBE7E3}.Debug|Any CPU.Build.0 = Debug|Any CPU
		{DD120D29-72A4-4F42-9FCB-235B5FCBE7E3}.Release|Any CPU.ActiveCfg = Release|Any CPU
		{DD120D29-72A4-4F42-9FCB-235B5FCBE7E3}.Release|Any CPU.Build.0 = Release|Any CPU
		{CA52A5E2-6FF8-4C05-A00C-6F0DE813B6AB}.Debug|Any CPU.ActiveCfg = Debug|Any CPU
		{CA52A5E2-6FF8-4C05-A00C-6F0DE813B6AB}.Debug|Any CPU.Build.0 = Debug|Any CPU
		{CA52A5E2-6FF8-4C05-A00C-6F0DE813B6AB}.Release|Any CPU.ActiveCfg = Release|Any CPU
		{CA52A5E2-6FF8-4C05-A00C-6F0DE813B6AB}.Release|Any CPU.Build.0 = Release|Any CPU
		{54B0CF70-4776-40E9-A7AB-9BFCCBB2A71A}.Debug|Any CPU.ActiveCfg = Debug|Any CPU
		{54B0CF70-4776-40E9-A7AB-9BFCCBB2A71A}.Debug|Any CPU.Build.0 = Debug|Any CPU
		{54B0CF70-4776-40E9-A7AB-9BFCCBB2A71A}.Release|Any CPU.ActiveCfg = Release|Any CPU
		{54B0CF70-4776-40E9-A7AB-9BFCCBB2A71A}.Release|Any CPU.Build.0 = Release|Any CPU
	EndGlobalSection
	GlobalSection(SolutionProperties) = preSolution
		HideSolutionNode = FALSE
	EndGlobalSection
	GlobalSection(ExtensibilityGlobals) = postSolution
		SolutionGuid = {16C6B5F8-9855-4B2E-9C91-D9E4C8A8FC04}
	EndGlobalSection
EndGlobal
